// !$*UTF8*$!
{
	archiveVersion = 1;
	classes = {
	};
	objectVersion = 56;
	objects = {

/* Begin PBXBuildFile section */
		772A20712A4302830024757E /* AppDelegate.swift in Sources */ = {isa = PBXBuildFile; fileRef = 772A20702A4302830024757E /* AppDelegate.swift */; };
		772A20732A4302830024757E /* SceneDelegate.swift in Sources */ = {isa = PBXBuildFile; fileRef = 772A20722A4302830024757E /* SceneDelegate.swift */; };
		772A20752A4302830024757E /* ViewController.swift in Sources */ = {isa = PBXBuildFile; fileRef = 772A20742A4302830024757E /* ViewController.swift */; };
		772A20782A4302830024757E /* Main.storyboard in Resources */ = {isa = PBXBuildFile; fileRef = 772A20762A4302830024757E /* Main.storyboard */; };
		772A207B2A4302830024757E /* aboutMeTabBar.xcdatamodeld in Sources */ = {isa = PBXBuildFile; fileRef = 772A20792A4302830024757E /* aboutMeTabBar.xcdatamodeld */; };
		772A207D2A4302840024757E /* Assets.xcassets in Resources */ = {isa = PBXBuildFile; fileRef = 772A207C2A4302840024757E /* Assets.xcassets */; };
		772A20802A4302840024757E /* LaunchScreen.storyboard in Resources */ = {isa = PBXBuildFile; fileRef = 772A207E2A4302840024757E /* LaunchScreen.storyboard */; };
		772A208B2A4302840024757E /* aboutMeTabBarTests.swift in Sources */ = {isa = PBXBuildFile; fileRef = 772A208A2A4302840024757E /* aboutMeTabBarTests.swift */; };
		772A20952A4302840024757E /* aboutMeTabBarUITests.swift in Sources */ = {isa = PBXBuildFile; fileRef = 772A20942A4302840024757E /* aboutMeTabBarUITests.swift */; };
		772A20972A4302840024757E /* aboutMeTabBarUITestsLaunchTests.swift in Sources */ = {isa = PBXBuildFile; fileRef = 772A20962A4302840024757E /* aboutMeTabBarUITestsLaunchTests.swift */; };
/* End PBXBuildFile section */

/* Begin PBXContainerItemProxy section */
		772A20872A4302840024757E /* PBXContainerItemProxy */ = {
			isa = PBXContainerItemProxy;
			containerPortal = 772A20652A4302830024757E /* Project object */;
			proxyType = 1;
			remoteGlobalIDString = 772A206C2A4302830024757E;
			remoteInfo = aboutMeTabBar;
		};
		772A20912A4302840024757E /* PBXContainerItemProxy */ = {
			isa = PBXContainerItemProxy;
			containerPortal = 772A20652A4302830024757E /* Project object */;
			proxyType = 1;
			remoteGlobalIDString = 772A206C2A4302830024757E;
			remoteInfo = aboutMeTabBar;
		};
/* End PBXContainerItemProxy section */

/* Begin PBXFileReference section */
		772A206D2A4302830024757E /* aboutMeTabBar.app */ = {isa = PBXFileReference; explicitFileType = wrapper.application; includeInIndex = 0; path = aboutMeTabBar.app; sourceTree = BUILT_PRODUCTS_DIR; };
		772A20702A4302830024757E /* AppDelegate.swift */ = {isa = PBXFileReference; lastKnownFileType = sourcecode.swift; path = AppDelegate.swift; sourceTree = "<group>"; };
		772A20722A4302830024757E /* SceneDelegate.swift */ = {isa = PBXFileReference; lastKnownFileType = sourcecode.swift; path = SceneDelegate.swift; sourceTree = "<group>"; };
		772A20742A4302830024757E /* ViewController.swift */ = {isa = PBXFileReference; lastKnownFileType = sourcecode.swift; path = ViewController.swift; sourceTree = "<group>"; };
		772A20772A4302830024757E /* Base */ = {isa = PBXFileReference; lastKnownFileType = file.storyboard; name = Base; path = Base.lproj/Main.storyboard; sourceTree = "<group>"; };
		772A207A2A4302830024757E /* aboutMeTabBar.xcdatamodel */ = {isa = PBXFileReference; lastKnownFileType = wrapper.xcdatamodel; path = aboutMeTabBar.xcdatamodel; sourceTree = "<group>"; };
		772A207C2A4302840024757E /* Assets.xcassets */ = {isa = PBXFileReference; lastKnownFileType = folder.assetcatalog; path = Assets.xcassets; sourceTree = "<group>"; };
		772A207F2A4302840024757E /* Base */ = {isa = PBXFileReference; lastKnownFileType = file.storyboard; name = Base; path = Base.lproj/LaunchScreen.storyboard; sourceTree = "<group>"; };
		772A20812A4302840024757E /* Info.plist */ = {isa = PBXFileReference; lastKnownFileType = text.plist.xml; path = Info.plist; sourceTree = "<group>"; };
		772A20862A4302840024757E /* aboutMeTabBarTests.xctest */ = {isa = PBXFileReference; explicitFileType = wrapper.cfbundle; includeInIndex = 0; path = aboutMeTabBarTests.xctest; sourceTree = BUILT_PRODUCTS_DIR; };
		772A208A2A4302840024757E /* aboutMeTabBarTests.swift */ = {isa = PBXFileReference; lastKnownFileType = sourcecode.swift; path = aboutMeTabBarTests.swift; sourceTree = "<group>"; };
		772A20902A4302840024757E /* aboutMeTabBarUITests.xctest */ = {isa = PBXFileReference; explicitFileType = wrapper.cfbundle; includeInIndex = 0; path = aboutMeTabBarUITests.xctest; sourceTree = BUILT_PRODUCTS_DIR; };
		772A20942A4302840024757E /* aboutMeTabBarUITests.swift */ = {isa = PBXFileReference; lastKnownFileType = sourcecode.swift; path = aboutMeTabBarUITests.swift; sourceTree = "<group>"; };
		772A20962A4302840024757E /* aboutMeTabBarUITestsLaunchTests.swift */ = {isa = PBXFileReference; lastKnownFileType = sourcecode.swift; path = aboutMeTabBarUITestsLaunchTests.swift; sourceTree = "<group>"; };
/* End PBXFileReference section */

/* Begin PBXFrameworksBuildPhase section */
		772A206A2A4302830024757E /* Frameworks */ = {
			isa = PBXFrameworksBuildPhase;
			buildActionMask = 2147483647;
			files = (
			);
			runOnlyForDeploymentPostprocessing = 0;
		};
		772A20832A4302840024757E /* Frameworks */ = {
			isa = PBXFrameworksBuildPhase;
			buildActionMask = 2147483647;
			files = (
			);
			runOnlyForDeploymentPostprocessing = 0;
		};
		772A208D2A4302840024757E /* Frameworks */ = {
			isa = PBXFrameworksBuildPhase;
			buildActionMask = 2147483647;
			files = (
			);
			runOnlyForDeploymentPostprocessing = 0;
		};
/* End PBXFrameworksBuildPhase section */

/* Begin PBXGroup section */
		772A20642A4302830024757E = {
			isa = PBXGroup;
			children = (
				772A206F2A4302830024757E /* aboutMeTabBar */,
				772A20892A4302840024757E /* aboutMeTabBarTests */,
				772A20932A4302840024757E /* aboutMeTabBarUITests */,
				772A206E2A4302830024757E /* Products */,
			);
			sourceTree = "<group>";
		};
		772A206E2A4302830024757E /* Products */ = {
			isa = PBXGroup;
			children = (
				772A206D2A4302830024757E /* aboutMeTabBar.app */,
				772A20862A4302840024757E /* aboutMeTabBarTests.xctest */,
				772A20902A4302840024757E /* aboutMeTabBarUITests.xctest */,
			);
			name = Products;
			sourceTree = "<group>";
		};
		772A206F2A4302830024757E /* aboutMeTabBar */ = {
			isa = PBXGroup;
			children = (
				772A20702A4302830024757E /* AppDelegate.swift */,
				772A20722A4302830024757E /* SceneDelegate.swift */,
				772A20742A4302830024757E /* ViewController.swift */,
				772A20762A4302830024757E /* Main.storyboard */,
				772A207C2A4302840024757E /* Assets.xcassets */,
				772A207E2A4302840024757E /* LaunchScreen.storyboard */,
				772A20812A4302840024757E /* Info.plist */,
				772A20792A4302830024757E /* aboutMeTabBar.xcdatamodeld */,
			);
			path = aboutMeTabBar;
			sourceTree = "<group>";
		};
		772A20892A4302840024757E /* aboutMeTabBarTests */ = {
			isa = PBXGroup;
			children = (
				772A208A2A4302840024757E /* aboutMeTabBarTests.swift */,
			);
			path = aboutMeTabBarTests;
			sourceTree = "<group>";
		};
		772A20932A4302840024757E /* aboutMeTabBarUITests */ = {
			isa = PBXGroup;
			children = (
				772A20942A4302840024757E /* aboutMeTabBarUITests.swift */,
				772A20962A4302840024757E /* aboutMeTabBarUITestsLaunchTests.swift */,
			);
			path = aboutMeTabBarUITests;
			sourceTree = "<group>";
		};
/* End PBXGroup section */

/* Begin PBXNativeTarget section */
		772A206C2A4302830024757E /* aboutMeTabBar */ = {
			isa = PBXNativeTarget;
			buildConfigurationList = 772A209A2A4302840024757E /* Build configuration list for PBXNativeTarget "aboutMeTabBar" */;
			buildPhases = (
				772A20692A4302830024757E /* Sources */,
				772A206A2A4302830024757E /* Frameworks */,
				772A206B2A4302830024757E /* Resources */,
			);
			buildRules = (
			);
			dependencies = (
			);
			name = aboutMeTabBar;
			productName = aboutMeTabBar;
			productReference = 772A206D2A4302830024757E /* aboutMeTabBar.app */;
			productType = "com.apple.product-type.application";
		};
		772A20852A4302840024757E /* aboutMeTabBarTests */ = {
			isa = PBXNativeTarget;
			buildConfigurationList = 772A209D2A4302840024757E /* Build configuration list for PBXNativeTarget "aboutMeTabBarTests" */;
			buildPhases = (
				772A20822A4302840024757E /* Sources */,
				772A20832A4302840024757E /* Frameworks */,
				772A20842A4302840024757E /* Resources */,
			);
			buildRules = (
			);
			dependencies = (
				772A20882A4302840024757E /* PBXTargetDependency */,
			);
			name = aboutMeTabBarTests;
			productName = aboutMeTabBarTests;
			productReference = 772A20862A4302840024757E /* aboutMeTabBarTests.xctest */;
			productType = "com.apple.product-type.bundle.unit-test";
		};
		772A208F2A4302840024757E /* aboutMeTabBarUITests */ = {
			isa = PBXNativeTarget;
			buildConfigurationList = 772A20A02A4302840024757E /* Build configuration list for PBXNativeTarget "aboutMeTabBarUITests" */;
			buildPhases = (
				772A208C2A4302840024757E /* Sources */,
				772A208D2A4302840024757E /* Frameworks */,
				772A208E2A4302840024757E /* Resources */,
			);
			buildRules = (
			);
			dependencies = (
				772A20922A4302840024757E /* PBXTargetDependency */,
			);
			name = aboutMeTabBarUITests;
			productName = aboutMeTabBarUITests;
			productReference = 772A20902A4302840024757E /* aboutMeTabBarUITests.xctest */;
			productType = "com.apple.product-type.bundle.ui-testing";
		};
/* End PBXNativeTarget section */

/* Begin PBXProject section */
		772A20652A4302830024757E /* Project object */ = {
			isa = PBXProject;
			attributes = {
				BuildIndependentTargetsInParallel = 1;
				LastSwiftUpdateCheck = 1430;
				LastUpgradeCheck = 1430;
				TargetAttributes = {
					772A206C2A4302830024757E = {
						CreatedOnToolsVersion = 14.3.1;
					};
					772A20852A4302840024757E = {
						CreatedOnToolsVersion = 14.3.1;
						TestTargetID = 772A206C2A4302830024757E;
					};
					772A208F2A4302840024757E = {
						CreatedOnToolsVersion = 14.3.1;
						TestTargetID = 772A206C2A4302830024757E;
					};
				};
			};
			buildConfigurationList = 772A20682A4302830024757E /* Build configuration list for PBXProject "aboutMeTabBar" */;
			compatibilityVersion = "Xcode 14.0";
			developmentRegion = en;
			hasScannedForEncodings = 0;
			knownRegions = (
				en,
				Base,
			);
			mainGroup = 772A20642A4302830024757E;
			productRefGroup = 772A206E2A4302830024757E /* Products */;
			projectDirPath = "";
			projectRoot = "";
			targets = (
				772A206C2A4302830024757E /* aboutMeTabBar */,
				772A20852A4302840024757E /* aboutMeTabBarTests */,
				772A208F2A4302840024757E /* aboutMeTabBarUITests */,
			);
		};
/* End PBXProject section */

/* Begin PBXResourcesBuildPhase section */
		772A206B2A4302830024757E /* Resources */ = {
			isa = PBXResourcesBuildPhase;
			buildActionMask = 2147483647;
			files = (
				772A20802A4302840024757E /* LaunchScreen.storyboard in Resources */,
				772A207D2A4302840024757E /* Assets.xcassets in Resources */,
				772A20782A4302830024757E /* Main.storyboard in Resources */,
			);
			runOnlyForDeploymentPostprocessing = 0;
		};
		772A20842A4302840024757E /* Resources */ = {
			isa = PBXResourcesBuildPhase;
			buildActionMask = 2147483647;
			files = (
			);
			runOnlyForDeploymentPostprocessing = 0;
		};
		772A208E2A4302840024757E /* Resources */ = {
			isa = PBXResourcesBuildPhase;
			buildActionMask = 2147483647;
			files = (
			);
			runOnlyForDeploymentPostprocessing = 0;
		};
/* End PBXResourcesBuildPhase section */

/* Begin PBXSourcesBuildPhase section */
		772A20692A4302830024757E /* Sources */ = {
			isa = PBXSourcesBuildPhase;
			buildActionMask = 2147483647;
			files = (
				772A20752A4302830024757E /* ViewController.swift in Sources */,
				772A20712A4302830024757E /* AppDelegate.swift in Sources */,
				772A20732A4302830024757E /* SceneDelegate.swift in Sources */,
				772A207B2A4302830024757E /* aboutMeTabBar.xcdatamodeld in Sources */,
			);
			runOnlyForDeploymentPostprocessing = 0;
		};
		772A20822A4302840024757E /* Sources */ = {
			isa = PBXSourcesBuildPhase;
			buildActionMask = 2147483647;
			files = (
				772A208B2A4302840024757E /* aboutMeTabBarTests.swift in Sources */,
			);
			runOnlyForDeploymentPostprocessing = 0;
		};
		772A208C2A4302840024757E /* Sources */ = {
			isa = PBXSourcesBuildPhase;
			buildActionMask = 2147483647;
			files = (
				772A20972A4302840024757E /* aboutMeTabBarUITestsLaunchTests.swift in Sources */,
				772A20952A4302840024757E /* aboutMeTabBarUITests.swift in Sources */,
			);
			runOnlyForDeploymentPostprocessing = 0;
		};
/* End PBXSourcesBuildPhase section */

/* Begin PBXTargetDependency section */
		772A20882A4302840024757E /* PBXTargetDependency */ = {
			isa = PBXTargetDependency;
			target = 772A206C2A4302830024757E /* aboutMeTabBar */;
			targetProxy = 772A20872A4302840024757E /* PBXContainerItemProxy */;
		};
		772A20922A4302840024757E /* PBXTargetDependency */ = {
			isa = PBXTargetDependency;
			target = 772A206C2A4302830024757E /* aboutMeTabBar */;
			targetProxy = 772A20912A4302840024757E /* PBXContainerItemProxy */;
		};
/* End PBXTargetDependency section */

/* Begin PBXVariantGroup section */
		772A20762A4302830024757E /* Main.storyboard */ = {
			isa = PBXVariantGroup;
			children = (
				772A20772A4302830024757E /* Base */,
			);
			name = Main.storyboard;
			sourceTree = "<group>";
		};
		772A207E2A4302840024757E /* LaunchScreen.storyboard */ = {
			isa = PBXVariantGroup;
			children = (
				772A207F2A4302840024757E /* Base */,
			);
			name = LaunchScreen.storyboard;
			sourceTree = "<group>";
		};
/* End PBXVariantGroup section */

/* Begin XCBuildConfiguration section */
		772A20982A4302840024757E /* Debug */ = {
			isa = XCBuildConfiguration;
			buildSettings = {
				ALWAYS_SEARCH_USER_PATHS = NO;
				CLANG_ANALYZER_NONNULL = YES;
				CLANG_ANALYZER_NUMBER_OBJECT_CONVERSION = YES_AGGRESSIVE;
				CLANG_CXX_LANGUAGE_STANDARD = "gnu++20";
				CLANG_ENABLE_MODULES = YES;
				CLANG_ENABLE_OBJC_ARC = YES;
				CLANG_ENABLE_OBJC_WEAK = YES;
				CLANG_WARN_BLOCK_CAPTURE_AUTORELEASING = YES;
				CLANG_WARN_BOOL_CONVERSION = YES;
				CLANG_WARN_COMMA = YES;
				CLANG_WARN_CONSTANT_CONVERSION = YES;
				CLANG_WARN_DEPRECATED_OBJC_IMPLEMENTATIONS = YES;
				CLANG_WARN_DIRECT_OBJC_ISA_USAGE = YES_ERROR;
				CLANG_WARN_DOCUMENTATION_COMMENTS = YES;
				CLANG_WARN_EMPTY_BODY = YES;
				CLANG_WARN_ENUM_CONVERSION = YES;
				CLANG_WARN_INFINITE_RECURSION = YES;
				CLANG_WARN_INT_CONVERSION = YES;
				CLANG_WARN_NON_LITERAL_NULL_CONVERSION = YES;
				CLANG_WARN_OBJC_IMPLICIT_RETAIN_SELF = YES;
				CLANG_WARN_OBJC_LITERAL_CONVERSION = YES;
				CLANG_WARN_OBJC_ROOT_CLASS = YES_ERROR;
				CLANG_WARN_QUOTED_INCLUDE_IN_FRAMEWORK_HEADER = YES;
				CLANG_WARN_RANGE_LOOP_ANALYSIS = YES;
				CLANG_WARN_STRICT_PROTOTYPES = YES;
				CLANG_WARN_SUSPICIOUS_MOVE = YES;
				CLANG_WARN_UNGUARDED_AVAILABILITY = YES_AGGRESSIVE;
				CLANG_WARN_UNREACHABLE_CODE = YES;
				CLANG_WARN__DUPLICATE_METHOD_MATCH = YES;
				COPY_PHASE_STRIP = NO;
				DEBUG_INFORMATION_FORMAT = dwarf;
				ENABLE_STRICT_OBJC_MSGSEND = YES;
				ENABLE_TESTABILITY = YES;
				GCC_C_LANGUAGE_STANDARD = gnu11;
				GCC_DYNAMIC_NO_PIC = NO;
				GCC_NO_COMMON_BLOCKS = YES;
				GCC_OPTIMIZATION_LEVEL = 0;
				GCC_PREPROCESSOR_DEFINITIONS = (
					"DEBUG=1",
					"$(inherited)",
				);
				GCC_WARN_64_TO_32_BIT_CONVERSION = YES;
				GCC_WARN_ABOUT_RETURN_TYPE = YES_ERROR;
				GCC_WARN_UNDECLARED_SELECTOR = YES;
				GCC_WARN_UNINITIALIZED_AUTOS = YES_AGGRESSIVE;
				GCC_WARN_UNUSED_FUNCTION = YES;
				GCC_WARN_UNUSED_VARIABLE = YES;
				IPHONEOS_DEPLOYMENT_TARGET = 16.4;
				MTL_ENABLE_DEBUG_INFO = INCLUDE_SOURCE;
				MTL_FAST_MATH = YES;
				ONLY_ACTIVE_ARCH = YES;
				SDKROOT = iphoneos;
				SWIFT_ACTIVE_COMPILATION_CONDITIONS = DEBUG;
				SWIFT_OPTIMIZATION_LEVEL = "-Onone";
			};
			name = Debug;
		};
		772A20992A4302840024757E /* Release */ = {
			isa = XCBuildConfiguration;
			buildSettings = {
				ALWAYS_SEARCH_USER_PATHS = NO;
				CLANG_ANALYZER_NONNULL = YES;
				CLANG_ANALYZER_NUMBER_OBJECT_CONVERSION = YES_AGGRESSIVE;
				CLANG_CXX_LANGUAGE_STANDARD = "gnu++20";
				CLANG_ENABLE_MODULES = YES;
				CLANG_ENABLE_OBJC_ARC = YES;
				CLANG_ENABLE_OBJC_WEAK = YES;
				CLANG_WARN_BLOCK_CAPTURE_AUTORELEASING = YES;
				CLANG_WARN_BOOL_CONVERSION = YES;
				CLANG_WARN_COMMA = YES;
				CLANG_WARN_CONSTANT_CONVERSION = YES;
				CLANG_WARN_DEPRECATED_OBJC_IMPLEMENTATIONS = YES;
				CLANG_WARN_DIRECT_OBJC_ISA_USAGE = YES_ERROR;
				CLANG_WARN_DOCUMENTATION_COMMENTS = YES;
				CLANG_WARN_EMPTY_BODY = YES;
				CLANG_WARN_ENUM_CONVERSION = YES;
				CLANG_WARN_INFINITE_RECURSION = YES;
				CLANG_WARN_INT_CONVERSION = YES;
				CLANG_WARN_NON_LITERAL_NULL_CONVERSION = YES;
				CLANG_WARN_OBJC_IMPLICIT_RETAIN_SELF = YES;
				CLANG_WARN_OBJC_LITERAL_CONVERSION = YES;
				CLANG_WARN_OBJC_ROOT_CLASS = YES_ERROR;
				CLANG_WARN_QUOTED_INCLUDE_IN_FRAMEWORK_HEADER = YES;
				CLANG_WARN_RANGE_LOOP_ANALYSIS = YES;
				CLANG_WARN_STRICT_PROTOTYPES = YES;
				CLANG_WARN_SUSPICIOUS_MOVE = YES;
				CLANG_WARN_UNGUARDED_AVAILABILITY = YES_AGGRESSIVE;
				CLANG_WARN_UNREACHABLE_CODE = YES;
				CLANG_WARN__DUPLICATE_METHOD_MATCH = YES;
				COPY_PHASE_STRIP = NO;
				DEBUG_INFORMATION_FORMAT = "dwarf-with-dsym";
				ENABLE_NS_ASSERTIONS = NO;
				ENABLE_STRICT_OBJC_MSGSEND = YES;
				GCC_C_LANGUAGE_STANDARD = gnu11;
				GCC_NO_COMMON_BLOCKS = YES;
				GCC_WARN_64_TO_32_BIT_CONVERSION = YES;
				GCC_WARN_ABOUT_RETURN_TYPE = YES_ERROR;
				GCC_WARN_UNDECLARED_SELECTOR = YES;
				GCC_WARN_UNINITIALIZED_AUTOS = YES_AGGRESSIVE;
				GCC_WARN_UNUSED_FUNCTION = YES;
				GCC_WARN_UNUSED_VARIABLE = YES;
				IPHONEOS_DEPLOYMENT_TARGET = 16.4;
				MTL_ENABLE_DEBUG_INFO = NO;
				MTL_FAST_MATH = YES;
				SDKROOT = iphoneos;
				SWIFT_COMPILATION_MODE = wholemodule;
				SWIFT_OPTIMIZATION_LEVEL = "-O";
				VALIDATE_PRODUCT = YES;
			};
			name = Release;
		};
		772A209B2A4302840024757E /* Debug */ = {
			isa = XCBuildConfiguration;
			buildSettings = {
				ASSETCATALOG_COMPILER_APPICON_NAME = AppIcon;
				ASSETCATALOG_COMPILER_GLOBAL_ACCENT_COLOR_NAME = AccentColor;
				CODE_SIGN_STYLE = Automatic;
				CURRENT_PROJECT_VERSION = 1;
				GENERATE_INFOPLIST_FILE = YES;
				INFOPLIST_FILE = aboutMeTabBar/Info.plist;
				INFOPLIST_KEY_UIApplicationSupportsIndirectInputEvents = YES;
				INFOPLIST_KEY_UILaunchStoryboardName = LaunchScreen;
				INFOPLIST_KEY_UIMainStoryboardFile = Main;
				INFOPLIST_KEY_UISupportedInterfaceOrientations_iPad = "UIInterfaceOrientationPortrait UIInterfaceOrientationPortraitUpsideDown UIInterfaceOrientationLandscapeLeft UIInterfaceOrientationLandscapeRight";
				INFOPLIST_KEY_UISupportedInterfaceOrientations_iPhone = "UIInterfaceOrientationPortrait UIInterfaceOrientationLandscapeLeft UIInterfaceOrientationLandscapeRight";
				LD_RUNPATH_SEARCH_PATHS = (
					"$(inherited)",
					"@executable_path/Frameworks",
				);
				MARKETING_VERSION = 1.0;
				PRODUCT_BUNDLE_IDENTIFIER = focus.aboutMeTabBar;
				PRODUCT_NAME = "$(TARGET_NAME)";
				SWIFT_EMIT_LOC_STRINGS = YES;
				SWIFT_VERSION = 5.0;
				TARGETED_DEVICE_FAMILY = "1,2";
			};
			name = Debug;
		};
		772A209C2A4302840024757E /* Release */ = {
			isa = XCBuildConfiguration;
			buildSettings = {
				ASSETCATALOG_COMPILER_APPICON_NAME = AppIcon;
				ASSETCATALOG_COMPILER_GLOBAL_ACCENT_COLOR_NAME = AccentColor;
				CODE_SIGN_STYLE = Automatic;
				CURRENT_PROJECT_VERSION = 1;
				GENERATE_INFOPLIST_FILE = YES;
				INFOPLIST_FILE = aboutMeTabBar/Info.plist;
				INFOPLIST_KEY_UIApplicationSupportsIndirectInputEvents = YES;
				INFOPLIST_KEY_UILaunchStoryboardName = LaunchScreen;
				INFOPLIST_KEY_UIMainStoryboardFile = Main;
				INFOPLIST_KEY_UISupportedInterfaceOrientations_iPad = "UIInterfaceOrientationPortrait UIInterfaceOrientationPortraitUpsideDown UIInterfaceOrientationLandscapeLeft UIInterfaceOrientationLandscapeRight";
				INFOPLIST_KEY_UISupportedInterfaceOrientations_iPhone = "UIInterfaceOrientationPortrait UIInterfaceOrientationLandscapeLeft UIInterfaceOrientationLandscapeRight";
				LD_RUNPATH_SEARCH_PATHS = (
					"$(inherited)",
					"@executable_path/Frameworks",
				);
				MARKETING_VERSION = 1.0;
				PRODUCT_BUNDLE_IDENTIFIER = focus.aboutMeTabBar;
				PRODUCT_NAME = "$(TARGET_NAME)";
				SWIFT_EMIT_LOC_STRINGS = YES;
				SWIFT_VERSION = 5.0;
				TARGETED_DEVICE_FAMILY = "1,2";
			};
			name = Release;
		};
		772A209E2A4302840024757E /* Debug */ = {
			isa = XCBuildConfiguration;
			buildSettings = {
				ALWAYS_EMBED_SWIFT_STANDARD_LIBRARIES = YES;
				BUNDLE_LOADER = "$(TEST_HOST)";
				CODE_SIGN_STYLE = Automatic;
				CURRENT_PROJECT_VERSION = 1;
				GENERATE_INFOPLIST_FILE = YES;
				IPHONEOS_DEPLOYMENT_TARGET = 16.4;
				MARKETING_VERSION = 1.0;
				PRODUCT_BUNDLE_IDENTIFIER = focus.aboutMeTabBarTests;
				PRODUCT_NAME = "$(TARGET_NAME)";
				SWIFT_EMIT_LOC_STRINGS = NO;
				SWIFT_VERSION = 5.0;
				TARGETED_DEVICE_FAMILY = "1,2";
				TEST_HOST = "$(BUILT_PRODUCTS_DIR)/aboutMeTabBar.app/$(BUNDLE_EXECUTABLE_FOLDER_PATH)/aboutMeTabBar";
			};
			name = Debug;
		};
		772A209F2A4302840024757E /* Release */ = {
			isa = XCBuildConfiguration;
			buildSettings = {
				ALWAYS_EMBED_SWIFT_STANDARD_LIBRARIES = YES;
				BUNDLE_LOADER = "$(TEST_HOST)";
				CODE_SIGN_STYLE = Automatic;
				CURRENT_PROJECT_VERSION = 1;
				GENERATE_INFOPLIST_FILE = YES;
				IPHONEOS_DEPLOYMENT_TARGET = 16.4;
				MARKETING_VERSION = 1.0;
				PRODUCT_BUNDLE_IDENTIFIER = focus.aboutMeTabBarTests;
				PRODUCT_NAME = "$(TARGET_NAME)";
				SWIFT_EMIT_LOC_STRINGS = NO;
				SWIFT_VERSION = 5.0;
				TARGETED_DEVICE_FAMILY = "1,2";
				TEST_HOST = "$(BUILT_PRODUCTS_DIR)/aboutMeTabBar.app/$(BUNDLE_EXECUTABLE_FOLDER_PATH)/aboutMeTabBar";
			};
			name = Release;
		};
		772A20A12A4302840024757E /* Debug */ = {
			isa = XCBuildConfiguration;
			buildSettings = {
				ALWAYS_EMBED_SWIFT_STANDARD_LIBRARIES = YES;
				CODE_SIGN_STYLE = Automatic;
				CURRENT_PROJECT_VERSION = 1;
				GENERATE_INFOPLIST_FILE = YES;
				MARKETING_VERSION = 1.0;
				PRODUCT_BUNDLE_IDENTIFIER = focus.aboutMeTabBarUITests;
				PRODUCT_NAME = "$(TARGET_NAME)";
				SWIFT_EMIT_LOC_STRINGS = NO;
				SWIFT_VERSION = 5.0;
				TARGETED_DEVICE_FAMILY = "1,2";
				TEST_TARGET_NAME = aboutMeTabBar;
			};
			name = Debug;
		};
		772A20A22A4302840024757E /* Release */ = {
			isa = XCBuildConfiguration;
			buildSettings = {
				ALWAYS_EMBED_SWIFT_STANDARD_LIBRARIES = YES;
				CODE_SIGN_STYLE = Automatic;
				CURRENT_PROJECT_VERSION = 1;
				GENERATE_INFOPLIST_FILE = YES;
				MARKETING_VERSION = 1.0;
				PRODUCT_BUNDLE_IDENTIFIER = focus.aboutMeTabBarUITests;
				PRODUCT_NAME = "$(TARGET_NAME)";
				SWIFT_EMIT_LOC_STRINGS = NO;
				SWIFT_VERSION = 5.0;
				TARGETED_DEVICE_FAMILY = "1,2";
				TEST_TARGET_NAME = aboutMeTabBar;
			};
			name = Release;
		};
/* End XCBuildConfiguration section */

/* Begin XCConfigurationList section */
		772A20682A4302830024757E /* Build configuration list for PBXProject "aboutMeTabBar" */ = {
			isa = XCConfigurationList;
			buildConfigurations = (
				772A20982A4302840024757E /* Debug */,
				772A20992A4302840024757E /* Release */,
			);
			defaultConfigurationIsVisible = 0;
			defaultConfigurationName = Release;
		};
		772A209A2A4302840024757E /* Build configuration list for PBXNativeTarget "aboutMeTabBar" */ = {
			isa = XCConfigurationList;
			buildConfigurations = (
				772A209B2A4302840024757E /* Debug */,
				772A209C2A4302840024757E /* Release */,
			);
			defaultConfigurationIsVisible = 0;
			defaultConfigurationName = Release;
		};
		772A209D2A4302840024757E /* Build configuration list for PBXNativeTarget "aboutMeTabBarTests" */ = {
			isa = XCConfigurationList;
			buildConfigurations = (
				772A209E2A4302840024757E /* Debug */,
				772A209F2A4302840024757E /* Release */,
			);
			defaultConfigurationIsVisible = 0;
			defaultConfigurationName = Release;
		};
		772A20A02A4302840024757E /* Build configuration list for PBXNativeTarget "aboutMeTabBarUITests" */ = {
			isa = XCConfigurationList;
			buildConfigurations = (
				772A20A12A4302840024757E /* Debug */,
				772A20A22A4302840024757E /* Release */,
			);
			defaultConfigurationIsVisible = 0;
			defaultConfigurationName = Release;
		};
/* End XCConfigurationList section */

/* Begin XCVersionGroup section */
		772A20792A4302830024757E /* aboutMeTabBar.xcdatamodeld */ = {
			isa = XCVersionGroup;
			children = (
				772A207A2A4302830024757E /* aboutMeTabBar.xcdatamodel */,
			);
			currentVersion = 772A207A2A4302830024757E /* aboutMeTabBar.xcdatamodel */;
			path = aboutMeTabBar.xcdatamodeld;
			sourceTree = "<group>";
			versionGroupType = wrapper.xcdatamodel;
		};
/* End XCVersionGroup section */
	};
	rootObject = 772A20652A4302830024757E /* Project object */;
}
